
Microsoft Visual Studio Solution File, Format Version 12.00
# Visual Studio 15
VisualStudioVersion = 15.0.28307.106
MinimumVisualStudioVersion = 10.0.40219.1
Project("{2150E333-8FDC-42A3-9474-1A3956D46DE8}") = "LogsExemplos", "LogsExemplos", "{F10A1C61-F76D-4771-9A75-F07728DC9D3D}"
EndProject
Project("{FAE04EC0-301F-11D3-BF4B-00C04F79EFBC}") = "ConsoleApp", "ConsoleApp\ConsoleApp.csproj", "{C514D6C0-113E-43B4-B805-3B3B4FBC0523}"
EndProject
Project("{FAE04EC0-301F-11D3-BF4B-00C04F79EFBC}") = "BLL", "BLL\BLL.csproj", "{75131DD4-7B16-41C7-A66F-8FAE3D08907D}"
EndProject
Project("{FAE04EC0-301F-11D3-BF4B-00C04F79EFBC}") = "DAL", "DAL\DAL.csproj", "{EE4D2018-9443-47EC-B7AB-EA5E6EC9B86F}"
EndProject
Project("{FAE04EC0-301F-11D3-BF4B-00C04F79EFBC}") = "Infrastructure.Log", "Infrastructure.Log\Infrastructure.Log.csproj", "{498E319B-9ACC-4AFE-A4A3-92B7AED2F0DA}"
EndProject
Global
	GlobalSection(SolutionConfigurationPlatforms) = preSolution
		Debug|Any CPU = Debug|Any CPU
		Debug|ARM = Debug|ARM
		Debug|iPhone = Debug|iPhone
		Debug|iPhoneSimulator = Debug|iPhoneSimulator
		Debug|x64 = Debug|x64
		Debug|x86 = Debug|x86
		Release|Any CPU = Release|Any CPU
		Release|ARM = Release|ARM
		Release|iPhone = Release|iPhone
		Release|iPhoneSimulator = Release|iPhoneSimulator
		Release|x64 = Release|x64
		Release|x86 = Release|x86
	EndGlobalSection
	GlobalSection(ProjectConfigurationPlatforms) = postSolution
		{C514D6C0-113E-43B4-B805-3B3B4FBC0523}.Debug|Any CPU.ActiveCfg = Debug|Any CPU
		{C514D6C0-113E-43B4-B805-3B3B4FBC0523}.Debug|Any CPU.Build.0 = Debug|Any CPU
		{C514D6C0-113E-43B4-B805-3B3B4FBC0523}.Debug|ARM.ActiveCfg = Debug|Any CPU
		{C514D6C0-113E-43B4-B805-3B3B4FBC0523}.Debug|ARM.Build.0 = Debug|Any CPU
		{C514D6C0-113E-43B4-B805-3B3B4FBC0523}.Debug|iPhone.ActiveCfg = Debug|Any CPU
		{C514D6C0-113E-43B4-B805-3B3B4FBC0523}.Debug|iPhone.Build.0 = Debug|Any CPU
		{C514D6C0-113E-43B4-B805-3B3B4FBC0523}.Debug|iPhoneSimulator.ActiveCfg = Debug|Any CPU
		{C514D6C0-113E-43B4-B805-3B3B4FBC0523}.Debug|iPhoneSimulator.Build.0 = Debug|Any CPU
		{C514D6C0-113E-43B4-B805-3B3B4FBC0523}.Debug|x64.ActiveCfg = Debug|Any CPU
		{C514D6C0-113E-43B4-B805-3B3B4FBC0523}.Debug|x64.Build.0 = Debug|Any CPU
		{C514D6C0-113E-43B4-B805-3B3B4FBC0523}.Debug|x86.ActiveCfg = Debug|Any CPU
		{C514D6C0-113E-43B4-B805-3B3B4FBC0523}.Debug|x86.Build.0 = Debug|Any CPU
		{C514D6C0-113E-43B4-B805-3B3B4FBC0523}.Release|Any CPU.ActiveCfg = Release|Any CPU
		{C514D6C0-113E-43B4-B805-3B3B4FBC0523}.Release|Any CPU.Build.0 = Release|Any CPU
		{C514D6C0-113E-43B4-B805-3B3B4FBC0523}.Release|ARM.ActiveCfg = Release|Any CPU
		{C514D6C0-113E-43B4-B805-3B3B4FBC0523}.Release|ARM.Build.0 = Release|Any CPU
		{C514D6C0-113E-43B4-B805-3B3B4FBC0523}.Release|iPhone.ActiveCfg = Release|Any CPU
		{C514D6C0-113E-43B4-B805-3B3B4FBC0523}.Release|iPhone.Build.0 = Release|Any CPU
		{C514D6C0-113E-43B4-B805-3B3B4FBC0523}.Release|iPhoneSimulator.ActiveCfg = Release|Any CPU
		{C514D6C0-113E-43B4-B805-3B3B4FBC0523}.Release|iPhoneSimulator.Build.0 = Release|Any CPU
		{C514D6C0-113E-43B4-B805-3B3B4FBC0523}.Release|x64.ActiveCfg = Release|Any CPU
		{C514D6C0-113E-43B4-B805-3B3B4FBC0523}.Release|x64.Build.0 = Release|Any CPU
		{C514D6C0-113E-43B4-B805-3B3B4FBC0523}.Release|x86.ActiveCfg = Release|Any CPU
		{C514D6C0-113E-43B4-B805-3B3B4FBC0523}.Release|x86.Build.0 = Release|Any CPU
		{75131DD4-7B16-41C7-A66F-8FAE3D08907D}.Debug|Any CPU.ActiveCfg = Debug|Any CPU
		{75131DD4-7B16-41C7-A66F-8FAE3D08907D}.Debug|Any CPU.Build.0 = Debug|Any CPU
		{75131DD4-7B16-41C7-A66F-8FAE3D08907D}.Debug|ARM.ActiveCfg = Debug|Any CPU
		{75131DD4-7B16-41C7-A66F-8FAE3D08907D}.Debug|ARM.Build.0 = Debug|Any CPU
		{75131DD4-7B16-41C7-A66F-8FAE3D08907D}.Debug|iPhone.ActiveCfg = Debug|Any CPU
		{75131DD4-7B16-41C7-A66F-8FAE3D08907D}.Debug|iPhone.Build.0 = Debug|Any CPU
		{75131DD4-7B16-41C7-A66F-8FAE3D08907D}.Debug|iPhoneSimulator.ActiveCfg = Debug|Any CPU
		{75131DD4-7B16-41C7-A66F-8FAE3D08907D}.Debug|iPhoneSimulator.Build.0 = Debug|Any CPU
		{75131DD4-7B16-41C7-A66F-8FAE3D08907D}.Debug|x64.ActiveCfg = Debug|Any CPU
		{75131DD4-7B16-41C7-A66F-8FAE3D08907D}.Debug|x64.Build.0 = Debug|Any CPU
		{75131DD4-7B16-41C7-A66F-8FAE3D08907D}.Debug|x86.ActiveCfg = Debug|Any CPU
		{75131DD4-7B16-41C7-A66F-8FAE3D08907D}.Debug|x86.Build.0 = Debug|Any CPU
		{75131DD4-7B16-41C7-A66F-8FAE3D08907D}.Release|Any CPU.ActiveCfg = Release|Any CPU
		{75131DD4-7B16-41C7-A66F-8FAE3D08907D}.Release|Any CPU.Build.0 = Release|Any CPU
		{75131DD4-7B16-41C7-A66F-8FAE3D08907D}.Release|ARM.ActiveCfg = Release|Any CPU
		{75131DD4-7B16-41C7-A66F-8FAE3D08907D}.Release|ARM.Build.0 = Release|Any CPU
		{75131DD4-7B16-41C7-A66F-8FAE3D08907D}.Release|iPhone.ActiveCfg = Release|Any CPU
		{75131DD4-7B16-41C7-A66F-8FAE3D08907D}.Release|iPhone.Build.0 = Release|Any CPU
		{75131DD4-7B16-41C7-A66F-8FAE3D08907D}.Release|iPhoneSimulator.ActiveCfg = Release|Any CPU
		{75131DD4-7B16-41C7-A66F-8FAE3D08907D}.Release|iPhoneSimulator.Build.0 = Release|Any CPU
		{75131DD4-7B16-41C7-A66F-8FAE3D08907D}.Release|x64.ActiveCfg = Release|Any CPU
		{75131DD4-7B16-41C7-A66F-8FAE3D08907D}.Release|x64.Build.0 = Release|Any CPU
		{75131DD4-7B16-41C7-A66F-8FAE3D08907D}.Release|x86.ActiveCfg = Release|Any CPU
		{75131DD4-7B16-41C7-A66F-8FAE3D08907D}.Release|x86.Build.0 = Release|Any CPU
		{EE4D2018-9443-47EC-B7AB-EA5E6EC9B86F}.Debug|Any CPU.ActiveCfg = Debug|Any CPU
		{EE4D2018-9443-47EC-B7AB-EA5E6EC9B86F}.Debug|Any CPU.Build.0 = Debug|Any CPU
		{EE4D2018-9443-47EC-B7AB-EA5E6EC9B86F}.Debug|ARM.ActiveCfg = Debug|Any CPU
		{EE4D2018-9443-47EC-B7AB-EA5E6EC9B86F}.Debug|ARM.Build.0 = Debug|Any CPU
		{EE4D2018-9443-47EC-B7AB-EA5E6EC9B86F}.Debug|iPhone.ActiveCfg = Debug|Any CPU
		{EE4D2018-9443-47EC-B7AB-EA5E6EC9B86F}.Debug|iPhone.Build.0 = Debug|Any CPU
		{EE4D2018-9443-47EC-B7AB-EA5E6EC9B86F}.Debug|iPhoneSimulator.ActiveCfg = Debug|Any CPU
		{EE4D2018-9443-47EC-B7AB-EA5E6EC9B86F}.Debug|iPhoneSimulator.Build.0 = Debug|Any CPU
		{EE4D2018-9443-47EC-B7AB-EA5E6EC9B86F}.Debug|x64.ActiveCfg = Debug|Any CPU
		{EE4D2018-9443-47EC-B7AB-EA5E6EC9B86F}.Debug|x64.Build.0 = Debug|Any CPU
		{EE4D2018-9443-47EC-B7AB-EA5E6EC9B86F}.Debug|x86.ActiveCfg = Debug|Any CPU
		{EE4D2018-9443-47EC-B7AB-EA5E6EC9B86F}.Debug|x86.Build.0 = Debug|Any CPU
		{EE4D2018-9443-47EC-B7AB-EA5E6EC9B86F}.Release|Any CPU.ActiveCfg = Release|Any CPU
		{EE4D2018-9443-47EC-B7AB-EA5E6EC9B86F}.Release|Any CPU.Build.0 = Release|Any CPU
		{EE4D2018-9443-47EC-B7AB-EA5E6EC9B86F}.Release|ARM.ActiveCfg = Release|Any CPU
		{EE4D2018-9443-47EC-B7AB-EA5E6EC9B86F}.Release|ARM.Build.0 = Release|Any CPU
		{EE4D2018-9443-47EC-B7AB-EA5E6EC9B86F}.Release|iPhone.ActiveCfg = Release|Any CPU
		{EE4D2018-9443-47EC-B7AB-EA5E6EC9B86F}.Release|iPhone.Build.0 = Release|Any CPU
		{EE4D2018-9443-47EC-B7AB-EA5E6EC9B86F}.Release|iPhoneSimulator.ActiveCfg = Release|Any CPU
		{EE4D2018-9443-47EC-B7AB-EA5E6EC9B86F}.Release|iPhoneSimulator.Build.0 = Release|Any CPU
		{EE4D2018-9443-47EC-B7AB-EA5E6EC9B86F}.Release|x64.ActiveCfg = Release|Any CPU
		{EE4D2018-9443-47EC-B7AB-EA5E6EC9B86F}.Release|x64.Build.0 = Release|Any CPU
		{EE4D2018-9443-47EC-B7AB-EA5E6EC9B86F}.Release|x86.ActiveCfg = Release|Any CPU
		{EE4D2018-9443-47EC-B7AB-EA5E6EC9B86F}.Release|x86.Build.0 = Release|Any CPU
		{498E319B-9ACC-4AFE-A4A3-92B7AED2F0DA}.Debug|Any CPU.ActiveCfg = Debug|Any CPU
		{498E319B-9ACC-4AFE-A4A3-92B7AED2F0DA}.Debug|Any CPU.Build.0 = Debug|Any CPU
		{498E319B-9ACC-4AFE-A4A3-92B7AED2F0DA}.Debug|ARM.ActiveCfg = Debug|Any CPU
		{498E319B-9ACC-4AFE-A4A3-92B7AED2F0DA}.Debug|ARM.Build.0 = Debug|Any CPU
		{498E319B-9ACC-4AFE-A4A3-92B7AED2F0DA}.Debug|iPhone.ActiveCfg = Debug|Any CPU
		{498E319B-9ACC-4AFE-A4A3-92B7AED2F0DA}.Debug|iPhone.Build.0 = Debug|Any CPU
		{498E319B-9ACC-4AFE-A4A3-92B7AED2F0DA}.Debug|iPhoneSimulator.ActiveCfg = Debug|Any CPU
		{498E319B-9ACC-4AFE-A4A3-92B7AED2F0DA}.Debug|iPhoneSimulator.Build.0 = Debug|Any CPU
		{498E319B-9ACC-4AFE-A4A3-92B7AED2F0DA}.Debug|x64.ActiveCfg = Debug|Any CPU
		{498E319B-9ACC-4AFE-A4A3-92B7AED2F0DA}.Debug|x64.Build.0 = Debug|Any CPU
		{498E319B-9ACC-4AFE-A4A3-92B7AED2F0DA}.Debug|x86.ActiveCfg = Debug|Any CPU
		{498E319B-9ACC-4AFE-A4A3-92B7AED2F0DA}.Debug|x86.Build.0 = Debug|Any CPU
		{498E319B-9ACC-4AFE-A4A3-92B7AED2F0DA}.Release|Any CPU.ActiveCfg = Release|Any CPU
		{498E319B-9ACC-4AFE-A4A3-92B7AED2F0DA}.Release|Any CPU.Build.0 = Release|Any CPU
		{498E319B-9ACC-4AFE-A4A3-92B7AED2F0DA}.Release|ARM.ActiveCfg = Release|Any CPU
		{498E319B-9ACC-4AFE-A4A3-92B7AED2F0DA}.Release|ARM.Build.0 = Release|Any CPU
		{498E319B-9ACC-4AFE-A4A3-92B7AED2F0DA}.Release|iPhone.ActiveCfg = Release|Any CPU
		{498E319B-9ACC-4AFE-A4A3-92B7AED2F0DA}.Release|iPhone.Build.0 = Release|Any CPU
		{498E319B-9ACC-4AFE-A4A3-92B7AED2F0DA}.Release|iPhoneSimulator.ActiveCfg = Release|Any CPU
		{498E319B-9ACC-4AFE-A4A3-92B7AED2F0DA}.Release|iPhoneSimulator.Build.0 = Release|Any CPU
		{498E319B-9ACC-4AFE-A4A3-92B7AED2F0DA}.Release|x64.ActiveCfg = Release|Any CPU
		{498E319B-9ACC-4AFE-A4A3-92B7AED2F0DA}.Release|x64.Build.0 = Release|Any CPU
		{498E319B-9ACC-4AFE-A4A3-92B7AED2F0DA}.Release|x86.ActiveCfg = Release|Any CPU
		{498E319B-9ACC-4AFE-A4A3-92B7AED2F0DA}.Release|x86.Build.0 = Release|Any CPU
	EndGlobalSection
	GlobalSection(SolutionProperties) = preSolution
		HideSolutionNode = FALSE
	EndGlobalSection
	GlobalSection(NestedProjects) = preSolution
		{C514D6C0-113E-43B4-B805-3B3B4FBC0523} = {F10A1C61-F76D-4771-9A75-F07728DC9D3D}
		{75131DD4-7B16-41C7-A66F-8FAE3D08907D} = {F10A1C61-F76D-4771-9A75-F07728DC9D3D}
		{EE4D2018-9443-47EC-B7AB-EA5E6EC9B86F} = {F10A1C61-F76D-4771-9A75-F07728DC9D3D}
		{498E319B-9ACC-4AFE-A4A3-92B7AED2F0DA} = {F10A1C61-F76D-4771-9A75-F07728DC9D3D}
	EndGlobalSection
	GlobalSection(ExtensibilityGlobals) = postSolution
		SolutionGuid = {22185331-8EAA-4ECF-92E3-0E640DCA40F0}
	EndGlobalSection
EndGlobal
